
Microsoft Visual Studio Solution File, Format Version 12.00
# Visual Studio Version 17
VisualStudioVersion = 17.8.34227.203
MinimumVisualStudioVersion = 10.0.40219.1
Project("{C9674DCB-5085-4A16-B785-4C70DD1589BD}") = "SSIS_AdWorksDBtoStagingtoDataWarehouse", "SSIS_Staging\SSIS_AdWorksDBtoStagingtoDataWarehouse.dtproj", "{3D16CAA7-BE48-46C5-9552-1BA0FCF2A8A0}"
EndProject
Global
	GlobalSection(SolutionConfigurationPlatforms) = preSolution
		Development|Default = Development|Default
	EndGlobalSection
	GlobalSection(ProjectConfigurationPlatforms) = postSolution
		{3D16CAA7-BE48-46C5-9552-1BA0FCF2A8A0}.Development|Default.ActiveCfg = Development
		{3D16CAA7-BE48-46C5-9552-1BA0FCF2A8A0}.Development|Default.Build.0 = Development
	EndGlobalSection
	GlobalSection(SolutionProperties) = preSolution
		HideSolutionNode = FALSE
	EndGlobalSection
	GlobalSection(ExtensibilityGlobals) = postSolution
		SolutionGuid = {8930172B-CDD1-41BA-983A-5C261D3E52C4}
	EndGlobalSection
EndGlobal
